{
  "nodes": {
    "nixpkgs": {
      "locked": {
        "lastModified": 1745862150,
        "narHash": "sha256-pXJ60HIGGifNB56ofX4G2nmiaMiy9un902svFlGhM/c=",
        "owner": "NixOS",
        "repo": "nixpkgs",
        "rev": "e19615bb79579785b922799999e7c7b6df29f030",
        "type": "github"
      },
      "original": {
        "owner": "NixOS",
        "repo": "nixpkgs",
        "type": "github"
      }
    },
    "root": {
      "inputs": {
        "nixpkgs": "nixpkgs"
      }
    }
  },
  "root": "root",
  "version": 7
}
