{
  "nodes": {
    "nixpkgs": {
      "locked": {
        "lastModified": 1722222840,
        "narHash": "sha256-VYsWUH+6LhsunkVW5e0MKKmnyE/Sb/H+ZzcNfUPmjlI=",
        "owner": "NixOS",
        "repo": "nixpkgs",
        "rev": "cc6bdf03ef73ccfd5ce7f88679542ce0a5464f8d",
        "type": "github"
      },
      "original": {
        "owner": "NixOS",
        "repo": "nixpkgs",
        "type": "github"
      }
    },
    "root": {
      "inputs": {
        "nixpkgs": "nixpkgs"
      }
    }
  },
  "root": "root",
  "version": 7
}
