{
  "nodes": {
    "nixpkgs": {
      "locked": {
        "lastModified": 1707521206,
        "narHash": "sha256-bDYHFafZX4DY6ZSF4jJ0Ls10OOWHVtMMk2nYIb7CKdM=",
        "owner": "NixOS",
        "repo": "nixpkgs",
        "rev": "e9b728e4fdbd2efee1eebad2e6e591b253e7b2f8",
        "type": "github"
      },
      "original": {
        "owner": "NixOS",
        "repo": "nixpkgs",
        "type": "github"
      }
    },
    "root": {
      "inputs": {
        "nixpkgs": "nixpkgs"
      }
    }
  },
  "root": "root",
  "version": 7
}
